
Microsoft Visual Studio Solution File, Format Version 12.00
# Visual Studio Version 17
VisualStudioVersion = 17.12.35707.178
MinimumVisualStudioVersion = 10.0.40219.1
Project("{FAE04EC0-301F-11D3-BF4B-00C04F79EFBC}") = "c# tasks", "c# tasks\c# tasks.csproj", "{2F874D6E-E682-4242-A736-225A9D415197}"
EndProject
Project("{FAE04EC0-301F-11D3-BF4B-00C04F79EFBC}") = "task2-19-1", "task2-19-1\task2-19-1.csproj", "{7AE3658B-3A01-400C-9004-2D96DD7D6F19}"
EndProject
Project("{FAE04EC0-301F-11D3-BF4B-00C04F79EFBC}") = "task3-c#", "task3-c#\task3-c#.csproj", "{E6CCB4C7-D178-472F-A10E-F2714EB1898F}"
EndProject
Project("{FAE04EC0-301F-11D3-BF4B-00C04F79EFBC}") = "task4-c#21-1", "task4-c#21-1\task4-c#21-1.csproj", "{A9409AAC-331B-47CE-AF95-E078B7494224}"
EndProject
Project("{FAE04EC0-301F-11D3-BF4B-00C04F79EFBC}") = "task5-c-22-1", "task5-c-22-1\task5-c-22-1.csproj", "{8BA0CBF6-E71D-4F00-B263-5416B3537A32}"
EndProject
Project("{FAE04EC0-301F-11D3-BF4B-00C04F79EFBC}") = "task6-c#-23-1-2025", "task6-c#-23-1-2025\task6-c#-23-1-2025.csproj", "{A03F8229-7A41-4814-8C07-EE1C0C6E1592}"
EndProject
Global
	GlobalSection(SolutionConfigurationPlatforms) = preSolution
		Debug|Any CPU = Debug|Any CPU
		Release|Any CPU = Release|Any CPU
	EndGlobalSection
	GlobalSection(ProjectConfigurationPlatforms) = postSolution
		{2F874D6E-E682-4242-A736-225A9D415197}.Debug|Any CPU.ActiveCfg = Debug|Any CPU
		{2F874D6E-E682-4242-A736-225A9D415197}.Debug|Any CPU.Build.0 = Debug|Any CPU
		{2F874D6E-E682-4242-A736-225A9D415197}.Release|Any CPU.ActiveCfg = Release|Any CPU
		{2F874D6E-E682-4242-A736-225A9D415197}.Release|Any CPU.Build.0 = Release|Any CPU
		{7AE3658B-3A01-400C-9004-2D96DD7D6F19}.Debug|Any CPU.ActiveCfg = Debug|Any CPU
		{7AE3658B-3A01-400C-9004-2D96DD7D6F19}.Debug|Any CPU.Build.0 = Debug|Any CPU
		{7AE3658B-3A01-400C-9004-2D96DD7D6F19}.Release|Any CPU.ActiveCfg = Release|Any CPU
		{7AE3658B-3A01-400C-9004-2D96DD7D6F19}.Release|Any CPU.Build.0 = Release|Any CPU
		{E6CCB4C7-D178-472F-A10E-F2714EB1898F}.Debug|Any CPU.ActiveCfg = Debug|Any CPU
		{E6CCB4C7-D178-472F-A10E-F2714EB1898F}.Debug|Any CPU.Build.0 = Debug|Any CPU
		{E6CCB4C7-D178-472F-A10E-F2714EB1898F}.Release|Any CPU.ActiveCfg = Release|Any CPU
		{E6CCB4C7-D178-472F-A10E-F2714EB1898F}.Release|Any CPU.Build.0 = Release|Any CPU
		{A9409AAC-331B-47CE-AF95-E078B7494224}.Debug|Any CPU.ActiveCfg = Debug|Any CPU
		{A9409AAC-331B-47CE-AF95-E078B7494224}.Debug|Any CPU.Build.0 = Debug|Any CPU
		{A9409AAC-331B-47CE-AF95-E078B7494224}.Release|Any CPU.ActiveCfg = Release|Any CPU
		{A9409AAC-331B-47CE-AF95-E078B7494224}.Release|Any CPU.Build.0 = Release|Any CPU
		{8BA0CBF6-E71D-4F00-B263-5416B3537A32}.Debug|Any CPU.ActiveCfg = Debug|Any CPU
		{8BA0CBF6-E71D-4F00-B263-5416B3537A32}.Debug|Any CPU.Build.0 = Debug|Any CPU
		{8BA0CBF6-E71D-4F00-B263-5416B3537A32}.Release|Any CPU.ActiveCfg = Release|Any CPU
		{8BA0CBF6-E71D-4F00-B263-5416B3537A32}.Release|Any CPU.Build.0 = Release|Any CPU
		{A03F8229-7A41-4814-8C07-EE1C0C6E1592}.Debug|Any CPU.ActiveCfg = Debug|Any CPU
		{A03F8229-7A41-4814-8C07-EE1C0C6E1592}.Debug|Any CPU.Build.0 = Debug|Any CPU
		{A03F8229-7A41-4814-8C07-EE1C0C6E1592}.Release|Any CPU.ActiveCfg = Release|Any CPU
		{A03F8229-7A41-4814-8C07-EE1C0C6E1592}.Release|Any CPU.Build.0 = Release|Any CPU
	EndGlobalSection
	GlobalSection(SolutionProperties) = preSolution
		HideSolutionNode = FALSE
	EndGlobalSection
EndGlobal
